
Microsoft Visual Studio Solution File, Format Version 12.00
# Visual Studio Version 17
VisualStudioVersion = 17.9.34902.65
MinimumVisualStudioVersion = 10.0.40219.1
Project("{FAE04EC0-301F-11D3-BF4B-00C04F79EFBC}") = "MyCatalogo.API", "MyCatalogo.API.csproj", "{7F6479BA-49FC-4B4A-BA6C-B3AFD07FCA74}"
EndProject
Global
	GlobalSection(SolutionConfigurationPlatforms) = preSolution
		Debug|Any CPU = Debug|Any CPU
		Release|Any CPU = Release|Any CPU
	EndGlobalSection
	GlobalSection(ProjectConfigurationPlatforms) = postSolution
		{7F6479BA-49FC-4B4A-BA6C-B3AFD07FCA74}.Debug|Any CPU.ActiveCfg = Debug|Any CPU
		{7F6479BA-49FC-4B4A-BA6C-B3AFD07FCA74}.Debug|Any CPU.Build.0 = Debug|Any CPU
		{7F6479BA-49FC-4B4A-BA6C-B3AFD07FCA74}.Release|Any CPU.ActiveCfg = Release|Any CPU
		{7F6479BA-49FC-4B4A-BA6C-B3AFD07FCA74}.Release|Any CPU.Build.0 = Release|Any CPU
	EndGlobalSection
	GlobalSection(SolutionProperties) = preSolution
		HideSolutionNode = FALSE
	EndGlobalSection
	GlobalSection(ExtensibilityGlobals) = postSolution
		SolutionGuid = {C3AAEBD0-640B-4A8D-AB21-6CA44968EC1B}
	EndGlobalSection
EndGlobal
