
Microsoft Visual Studio Solution File, Format Version 12.00
# Visual Studio Version 17
VisualStudioVersion = 17.9.34902.65
MinimumVisualStudioVersion = 10.0.40219.1
Project("{2150E333-8FDC-42A3-9474-1A3956D46DE8}") = "src", "src", "{7887AB7A-D5C5-46AE-9386-DA19ACC3B349}"
EndProject
Project("{2150E333-8FDC-42A3-9474-1A3956D46DE8}") = "test", "test", "{D7C4239E-047B-4EDA-A642-B43FF6022BF6}"
EndProject
Project("{2150E333-8FDC-42A3-9474-1A3956D46DE8}") = "core", "core", "{FCC6F8BE-049C-4645-8C8E-6C9194608516}"
EndProject
Project("{2150E333-8FDC-42A3-9474-1A3956D46DE8}") = "presentation", "presentation", "{1FC4229D-578B-4CFF-9F81-3915E7E8C8C7}"
EndProject
Project("{9A19103F-16F7-4668-BE54-9A1E7A4F7556}") = "BusinessDomain", "BusinessDomain\BusinessDomain.csproj", "{462CE5D7-04D3-4DD1-A13F-072DC41587E9}"
EndProject
Project("{9A19103F-16F7-4668-BE54-9A1E7A4F7556}") = "ApplicationService", "ApplicationService\ApplicationService.csproj", "{88998D98-89D9-4E64-978B-141D4B39291F}"
EndProject
Project("{2150E333-8FDC-42A3-9474-1A3956D46DE8}") = "infrastructure", "infrastructure", "{4DF03A9C-CD56-4DA2-A2C8-09F69941FEA7}"
EndProject
Project("{9A19103F-16F7-4668-BE54-9A1E7A4F7556}") = "DataPersistence", "DataPersistence\DataPersistence.csproj", "{A9D6C7D6-8820-42CF-B22D-29866742488B}"
EndProject
Project("{2150E333-8FDC-42A3-9474-1A3956D46DE8}") = "core", "core", "{2033F7A5-61C1-4B50-AC27-93D928B26A73}"
EndProject
Project("{2150E333-8FDC-42A3-9474-1A3956D46DE8}") = "infrastructure", "infrastructure", "{FD2B387B-724A-4F5C-A8CA-C6118C22F681}"
EndProject
Project("{2150E333-8FDC-42A3-9474-1A3956D46DE8}") = "presentation", "presentation", "{A048205B-30AD-487D-BED3-34B346342684}"
EndProject
Project("{9A19103F-16F7-4668-BE54-9A1E7A4F7556}") = "WebServices", "WebServices\WebServices.csproj", "{B7C8540D-B6F2-4DEF-9F8C-9556171EFFA6}"
EndProject
Project("{9A19103F-16F7-4668-BE54-9A1E7A4F7556}") = "ApplicationService.Test", "..\..\..\test\MyCTB.Catalogo\ApplicationService.Test\ApplicationService.Test.csproj", "{AE13D3CA-A3CD-4A47-9ACB-410BFE89B534}"
EndProject
Project("{9A19103F-16F7-4668-BE54-9A1E7A4F7556}") = "DataPersistence.Test", "..\..\..\test\MyCTB.Catalogo\DataPersistence.Test\DataPersistence.Test.csproj", "{FD1BF775-E1E0-4BFD-98FE-9FE34B326874}"
EndProject
Global
	GlobalSection(SolutionConfigurationPlatforms) = preSolution
		Debug|Any CPU = Debug|Any CPU
		Release|Any CPU = Release|Any CPU
	EndGlobalSection
	GlobalSection(ProjectConfigurationPlatforms) = postSolution
		{462CE5D7-04D3-4DD1-A13F-072DC41587E9}.Debug|Any CPU.ActiveCfg = Debug|Any CPU
		{462CE5D7-04D3-4DD1-A13F-072DC41587E9}.Debug|Any CPU.Build.0 = Debug|Any CPU
		{462CE5D7-04D3-4DD1-A13F-072DC41587E9}.Release|Any CPU.ActiveCfg = Release|Any CPU
		{462CE5D7-04D3-4DD1-A13F-072DC41587E9}.Release|Any CPU.Build.0 = Release|Any CPU
		{88998D98-89D9-4E64-978B-141D4B39291F}.Debug|Any CPU.ActiveCfg = Debug|Any CPU
		{88998D98-89D9-4E64-978B-141D4B39291F}.Debug|Any CPU.Build.0 = Debug|Any CPU
		{88998D98-89D9-4E64-978B-141D4B39291F}.Release|Any CPU.ActiveCfg = Release|Any CPU
		{88998D98-89D9-4E64-978B-141D4B39291F}.Release|Any CPU.Build.0 = Release|Any CPU
		{A9D6C7D6-8820-42CF-B22D-29866742488B}.Debug|Any CPU.ActiveCfg = Debug|Any CPU
		{A9D6C7D6-8820-42CF-B22D-29866742488B}.Debug|Any CPU.Build.0 = Debug|Any CPU
		{A9D6C7D6-8820-42CF-B22D-29866742488B}.Release|Any CPU.ActiveCfg = Release|Any CPU
		{A9D6C7D6-8820-42CF-B22D-29866742488B}.Release|Any CPU.Build.0 = Release|Any CPU
		{B7C8540D-B6F2-4DEF-9F8C-9556171EFFA6}.Debug|Any CPU.ActiveCfg = Debug|Any CPU
		{B7C8540D-B6F2-4DEF-9F8C-9556171EFFA6}.Debug|Any CPU.Build.0 = Debug|Any CPU
		{B7C8540D-B6F2-4DEF-9F8C-9556171EFFA6}.Release|Any CPU.ActiveCfg = Release|Any CPU
		{B7C8540D-B6F2-4DEF-9F8C-9556171EFFA6}.Release|Any CPU.Build.0 = Release|Any CPU
		{AE13D3CA-A3CD-4A47-9ACB-410BFE89B534}.Debug|Any CPU.ActiveCfg = Debug|Any CPU
		{AE13D3CA-A3CD-4A47-9ACB-410BFE89B534}.Debug|Any CPU.Build.0 = Debug|Any CPU
		{AE13D3CA-A3CD-4A47-9ACB-410BFE89B534}.Release|Any CPU.ActiveCfg = Release|Any CPU
		{AE13D3CA-A3CD-4A47-9ACB-410BFE89B534}.Release|Any CPU.Build.0 = Release|Any CPU
		{FD1BF775-E1E0-4BFD-98FE-9FE34B326874}.Debug|Any CPU.ActiveCfg = Debug|Any CPU
		{FD1BF775-E1E0-4BFD-98FE-9FE34B326874}.Debug|Any CPU.Build.0 = Debug|Any CPU
		{FD1BF775-E1E0-4BFD-98FE-9FE34B326874}.Release|Any CPU.ActiveCfg = Release|Any CPU
		{FD1BF775-E1E0-4BFD-98FE-9FE34B326874}.Release|Any CPU.Build.0 = Release|Any CPU
	EndGlobalSection
	GlobalSection(SolutionProperties) = preSolution
		HideSolutionNode = FALSE
	EndGlobalSection
	GlobalSection(NestedProjects) = preSolution
		{FCC6F8BE-049C-4645-8C8E-6C9194608516} = {7887AB7A-D5C5-46AE-9386-DA19ACC3B349}
		{1FC4229D-578B-4CFF-9F81-3915E7E8C8C7} = {7887AB7A-D5C5-46AE-9386-DA19ACC3B349}
		{462CE5D7-04D3-4DD1-A13F-072DC41587E9} = {FCC6F8BE-049C-4645-8C8E-6C9194608516}
		{88998D98-89D9-4E64-978B-141D4B39291F} = {FCC6F8BE-049C-4645-8C8E-6C9194608516}
		{4DF03A9C-CD56-4DA2-A2C8-09F69941FEA7} = {7887AB7A-D5C5-46AE-9386-DA19ACC3B349}
		{A9D6C7D6-8820-42CF-B22D-29866742488B} = {4DF03A9C-CD56-4DA2-A2C8-09F69941FEA7}
		{2033F7A5-61C1-4B50-AC27-93D928B26A73} = {D7C4239E-047B-4EDA-A642-B43FF6022BF6}
		{FD2B387B-724A-4F5C-A8CA-C6118C22F681} = {D7C4239E-047B-4EDA-A642-B43FF6022BF6}
		{A048205B-30AD-487D-BED3-34B346342684} = {D7C4239E-047B-4EDA-A642-B43FF6022BF6}
		{B7C8540D-B6F2-4DEF-9F8C-9556171EFFA6} = {1FC4229D-578B-4CFF-9F81-3915E7E8C8C7}
		{AE13D3CA-A3CD-4A47-9ACB-410BFE89B534} = {2033F7A5-61C1-4B50-AC27-93D928B26A73}
		{FD1BF775-E1E0-4BFD-98FE-9FE34B326874} = {FD2B387B-724A-4F5C-A8CA-C6118C22F681}
	EndGlobalSection
	GlobalSection(ExtensibilityGlobals) = postSolution
		SolutionGuid = {61BF964C-30A0-4BFF-A6AC-CAC120E82241}
	EndGlobalSection
EndGlobal
